
Microsoft Visual Studio Solution File, Format Version 12.00
# Visual Studio Version 16
VisualStudioVersion = 16.0.30611.23
MinimumVisualStudioVersion = 10.0.40219.1
Project("{FAE04EC0-301F-11D3-BF4B-00C04F79EFBC}") = "BlazorProject", "BlazorProject.csproj", "{C314B925-4243-4481-A85C-0D56BF498949}"
EndProject
Global
	GlobalSection(SolutionConfigurationPlatforms) = preSolution
		Debug|Any CPU = Debug|Any CPU
		Release|Any CPU = Release|Any CPU
	EndGlobalSection
	GlobalSection(ProjectConfigurationPlatforms) = postSolution
		{C314B925-4243-4481-A85C-0D56BF498949}.Debug|Any CPU.ActiveCfg = Debug|Any CPU
		{C314B925-4243-4481-A85C-0D56BF498949}.Debug|Any CPU.Build.0 = Debug|Any CPU
		{C314B925-4243-4481-A85C-0D56BF498949}.Release|Any CPU.ActiveCfg = Release|Any CPU
		{C314B925-4243-4481-A85C-0D56BF498949}.Release|Any CPU.Build.0 = Release|Any CPU
	EndGlobalSection
	GlobalSection(SolutionProperties) = preSolution
		HideSolutionNode = FALSE
	EndGlobalSection
	GlobalSection(ExtensibilityGlobals) = postSolution
		SolutionGuid = {850BE6F5-E660-4913-B973-5CD36629F831}
	EndGlobalSection
EndGlobal
